
Microsoft Visual Studio Solution File, Format Version 12.00
# Visual Studio 15
VisualStudioVersion = 15.0.26124.0
MinimumVisualStudioVersion = 15.0.26124.0
Project("{FAE04EC0-301F-11D3-BF4B-00C04F79EFBC}") = "Portals-Integration-Core", "NetCore\Portals-Integration-Core.csproj", "{2086315F-1EAC-4A1D-AFBD-7E5E38CAB6C5}"
EndProject
Global
	GlobalSection(SolutionConfigurationPlatforms) = preSolution
		Debug|Any CPU = Debug|Any CPU
		Debug|x64 = Debug|x64
		Debug|x86 = Debug|x86
		Release|Any CPU = Release|Any CPU
		Release|x64 = Release|x64
		Release|x86 = Release|x86
	EndGlobalSection
	GlobalSection(SolutionProperties) = preSolution
		HideSolutionNode = FALSE
	EndGlobalSection
	GlobalSection(ProjectConfigurationPlatforms) = postSolution
		{2086315F-1EAC-4A1D-AFBD-7E5E38CAB6C5}.Debug|Any CPU.ActiveCfg = Debug|Any CPU
		{2086315F-1EAC-4A1D-AFBD-7E5E38CAB6C5}.Debug|Any CPU.Build.0 = Debug|Any CPU
		{2086315F-1EAC-4A1D-AFBD-7E5E38CAB6C5}.Debug|x64.ActiveCfg = Debug|Any CPU
		{2086315F-1EAC-4A1D-AFBD-7E5E38CAB6C5}.Debug|x64.Build.0 = Debug|Any CPU
		{2086315F-1EAC-4A1D-AFBD-7E5E38CAB6C5}.Debug|x86.ActiveCfg = Debug|Any CPU
		{2086315F-1EAC-4A1D-AFBD-7E5E38CAB6C5}.Debug|x86.Build.0 = Debug|Any CPU
		{2086315F-1EAC-4A1D-AFBD-7E5E38CAB6C5}.Release|Any CPU.ActiveCfg = Release|Any CPU
		{2086315F-1EAC-4A1D-AFBD-7E5E38CAB6C5}.Release|Any CPU.Build.0 = Release|Any CPU
		{2086315F-1EAC-4A1D-AFBD-7E5E38CAB6C5}.Release|x64.ActiveCfg = Release|Any CPU
		{2086315F-1EAC-4A1D-AFBD-7E5E38CAB6C5}.Release|x64.Build.0 = Release|Any CPU
		{2086315F-1EAC-4A1D-AFBD-7E5E38CAB6C5}.Release|x86.ActiveCfg = Release|Any CPU
		{2086315F-1EAC-4A1D-AFBD-7E5E38CAB6C5}.Release|x86.Build.0 = Release|Any CPU
		{C6E42F57-B4B0-433B-9704-BC8C6B9E8C1D}.Debug|Any CPU.ActiveCfg = Debug|Any CPU
		{C6E42F57-B4B0-433B-9704-BC8C6B9E8C1D}.Debug|Any CPU.Build.0 = Debug|Any CPU
		{C6E42F57-B4B0-433B-9704-BC8C6B9E8C1D}.Debug|x64.ActiveCfg = Debug|Any CPU
		{C6E42F57-B4B0-433B-9704-BC8C6B9E8C1D}.Debug|x64.Build.0 = Debug|Any CPU
		{C6E42F57-B4B0-433B-9704-BC8C6B9E8C1D}.Debug|x86.ActiveCfg = Debug|Any CPU
		{C6E42F57-B4B0-433B-9704-BC8C6B9E8C1D}.Debug|x86.Build.0 = Debug|Any CPU
		{C6E42F57-B4B0-433B-9704-BC8C6B9E8C1D}.Release|Any CPU.ActiveCfg = Release|Any CPU
		{C6E42F57-B4B0-433B-9704-BC8C6B9E8C1D}.Release|Any CPU.Build.0 = Release|Any CPU
		{C6E42F57-B4B0-433B-9704-BC8C6B9E8C1D}.Release|x64.ActiveCfg = Release|Any CPU
		{C6E42F57-B4B0-433B-9704-BC8C6B9E8C1D}.Release|x64.Build.0 = Release|Any CPU
		{C6E42F57-B4B0-433B-9704-BC8C6B9E8C1D}.Release|x86.ActiveCfg = Release|Any CPU
		{C6E42F57-B4B0-433B-9704-BC8C6B9E8C1D}.Release|x86.Build.0 = Release|Any CPU
		{463AD06D-5A2E-4ACC-8269-75DAD67094DE}.Debug|Any CPU.ActiveCfg = Debug|Any CPU
		{463AD06D-5A2E-4ACC-8269-75DAD67094DE}.Debug|Any CPU.Build.0 = Debug|Any CPU
		{463AD06D-5A2E-4ACC-8269-75DAD67094DE}.Debug|x64.ActiveCfg = Debug|Any CPU
		{463AD06D-5A2E-4ACC-8269-75DAD67094DE}.Debug|x64.Build.0 = Debug|Any CPU
		{463AD06D-5A2E-4ACC-8269-75DAD67094DE}.Debug|x86.ActiveCfg = Debug|Any CPU
		{463AD06D-5A2E-4ACC-8269-75DAD67094DE}.Debug|x86.Build.0 = Debug|Any CPU
		{463AD06D-5A2E-4ACC-8269-75DAD67094DE}.Release|Any CPU.ActiveCfg = Release|Any CPU
		{463AD06D-5A2E-4ACC-8269-75DAD67094DE}.Release|Any CPU.Build.0 = Release|Any CPU
		{463AD06D-5A2E-4ACC-8269-75DAD67094DE}.Release|x64.ActiveCfg = Release|Any CPU
		{463AD06D-5A2E-4ACC-8269-75DAD67094DE}.Release|x64.Build.0 = Release|Any CPU
		{463AD06D-5A2E-4ACC-8269-75DAD67094DE}.Release|x86.ActiveCfg = Release|Any CPU
		{463AD06D-5A2E-4ACC-8269-75DAD67094DE}.Release|x86.Build.0 = Release|Any CPU
	EndGlobalSection
	GlobalSection(NestedProjects) = preSolution
		{463AD06D-5A2E-4ACC-8269-75DAD67094DE} = {FD3AD090-3DA2-46F3-ADCC-920E25B9B132}
	EndGlobalSection
EndGlobal
